# This file is @generated by PDM.
# It is not intended for manual editing.

[metadata]
groups = ["default", "dev"]
strategy = ["inherit_metadata"]
lock_version = "4.5.0"
content_hash = "sha256:a8195ab20cd4be2c783402cc1a2fd155d4eb5e8a855e3e1eb2dd171e039d7b3e"

[[metadata.targets]]
requires_python = "~=3.8"

[[package]]
name = "anyio"
version = "4.5.2"
requires_python = ">=3.8"
summary = "High level compatibility layer for multiple asynchronous event loop implementations"
groups = ["default"]
dependencies = [
    "exceptiongroup>=1.0.2; python_version < \"3.11\"",
    "idna>=2.8",
    "sniffio>=1.1",
    "typing-extensions>=4.1; python_version < \"3.11\"",
]
files = [
    {file = "anyio-4.5.2-py3-none-any.whl", hash = "sha256:c011ee36bc1e8ba40e5a81cb9df91925c218fe9b778554e0b56a21e1b5d4716f"},
    {file = "anyio-4.5.2.tar.gz", hash = "sha256:23009af4ed04ce05991845451e11ef02fc7c5ed29179ac9a420e5ad0ac7ddc5b"},
]

[[package]]
name = "attrs"
version = "24.2.0"
requires_python = ">=3.7"
summary = "Classes Without Boilerplate"
groups = ["default"]
dependencies = [
    "importlib-metadata; python_version < \"3.8\"",
]
files = [
    {file = "attrs-24.2.0-py3-none-any.whl", hash = "sha256:81921eb96de3191c8258c199618104dd27ac608d9366f5e35d011eae1867ede2"},
    {file = "attrs-24.2.0.tar.gz", hash = "sha256:5cfb1b9148b5b086569baec03f20d7b6bf3bcacc9a42bebf87ffaaca362f6346"},
]

[[package]]
name = "certifi"
version = "2024.12.14"
requires_python = ">=3.6"
summary = "Python package for providing Mozilla's CA Bundle."
groups = ["default"]
files = [
    {file = "certifi-2024.12.14-py3-none-any.whl", hash = "sha256:1275f7a45be9464efc1173084eaa30f866fe2e47d389406136d332ed4967ec56"},
    {file = "certifi-2024.12.14.tar.gz", hash = "sha256:b650d30f370c2b724812bee08008be0c4163b163ddaec3f2546c1caf65f191db"},
]

[[package]]
name = "colorama"
version = "0.4.6"
requires_python = "!=3.0.*,!=3.1.*,!=3.2.*,!=3.3.*,!=3.4.*,!=3.5.*,!=3.6.*,>=2.7"
summary = "Cross-platform colored terminal text."
groups = ["dev"]
marker = "sys_platform == \"win32\""
files = [
    {file = "colorama-0.4.6-py2.py3-none-any.whl", hash = "sha256:4f1d9991f5acc0ca119f9d443620b77f9d6b33703e51011c16baf57afb285fc6"},
    {file = "colorama-0.4.6.tar.gz", hash = "sha256:08695f5cb7ed6e0531a20572697297273c47b8cae5a63ffc6d6ed5c201be6e44"},
]

[[package]]
name = "exceptiongroup"
version = "1.2.2"
requires_python = ">=3.7"
summary = "Backport of PEP 654 (exception groups)"
groups = ["default", "dev"]
marker = "python_version < \"3.11\""
files = [
    {file = "exceptiongroup-1.2.2-py3-none-any.whl", hash = "sha256:3111b9d131c238bec2f8f516e123e14ba243563fb135d3fe885990585aa7795b"},
    {file = "exceptiongroup-1.2.2.tar.gz", hash = "sha256:47c2edf7c6738fafb49fd34290706d1a1a2f4d1c6df275526b62cbb4aa5393cc"},
]

[[package]]
name = "h11"
version = "0.14.0"
requires_python = ">=3.7"
summary = "A pure-Python, bring-your-own-I/O implementation of HTTP/1.1"
groups = ["default"]
dependencies = [
    "typing-extensions; python_version < \"3.8\"",
]
files = [
    {file = "h11-0.14.0-py3-none-any.whl", hash = "sha256:e3fe4ac4b851c468cc8363d500db52c2ead036020723024a109d37346efaa761"},
    {file = "h11-0.14.0.tar.gz", hash = "sha256:8f19fbbe99e72420ff35c00b27a34cb9937e902a8b810e2c88300c6f0a3b699d"},
]

[[package]]
name = "httpcore"
version = "1.0.7"
requires_python = ">=3.8"
summary = "A minimal low-level HTTP client."
groups = ["default"]
dependencies = [
    "certifi",
    "h11<0.15,>=0.13",
]
files = [
    {file = "httpcore-1.0.7-py3-none-any.whl", hash = "sha256:a3fff8f43dc260d5bd363d9f9cf1830fa3a458b332856f34282de498ed420edd"},
    {file = "httpcore-1.0.7.tar.gz", hash = "sha256:8551cb62a169ec7162ac7be8d4817d561f60e08eaa485234898414bb5a8a0b4c"},
]

[[package]]
name = "httpx"
version = "0.28.1"
requires_python = ">=3.8"
summary = "The next generation HTTP client."
groups = ["default"]
dependencies = [
    "anyio",
    "certifi",
    "httpcore==1.*",
    "idna",
]
files = [
    {file = "httpx-0.28.1-py3-none-any.whl", hash = "sha256:d909fcccc110f8c7faf814ca82a9a4d816bc5a6dbfea25d6591d6985b8ba59ad"},
    {file = "httpx-0.28.1.tar.gz", hash = "sha256:75e98c5f16b0f35b567856f597f06ff2270a374470a5c2392242528e3e3e42fc"},
]

[[package]]
name = "idna"
version = "3.10"
requires_python = ">=3.6"
summary = "Internationalized Domain Names in Applications (IDNA)"
groups = ["default"]
files = [
    {file = "idna-3.10-py3-none-any.whl", hash = "sha256:946d195a0d259cbba61165e88e65941f16e9b36ea6ddb97f00452bae8b1287d3"},
    {file = "idna-3.10.tar.gz", hash = "sha256:12f65c9b470abda6dc35cf8e63cc574b1c52b11df2c86030af0ac09b01b13ea9"},
]

[[package]]
name = "iniconfig"
version = "2.0.0"
requires_python = ">=3.7"
summary = "brain-dead simple config-ini parsing"
groups = ["dev"]
files = [
    {file = "iniconfig-2.0.0-py3-none-any.whl", hash = "sha256:b6a85871a79d2e3b22d2d1b94ac2824226a63c6b741c88f7ae975f18b6778374"},
    {file = "iniconfig-2.0.0.tar.gz", hash = "sha256:2d91e135bf72d31a410b17c16da610a82cb55f6b0477d1a902134b24a455b8b3"},
]

[[package]]
name = "mypy"
version = "1.12.1"
requires_python = ">=3.8"
summary = "Optional static typing for Python"
groups = ["dev"]
dependencies = [
    "mypy-extensions>=1.0.0",
    "tomli>=1.1.0; python_version < \"3.11\"",
    "typing-extensions>=4.6.0",
]
files = [
    {file = "mypy-1.12.1-cp310-cp310-macosx_10_9_x86_64.whl", hash = "sha256:3d7d4371829184e22fda4015278fbfdef0327a4b955a483012bd2d423a788801"},
    {file = "mypy-1.12.1-cp310-cp310-macosx_11_0_arm64.whl", hash = "sha256:f59f1dfbf497d473201356966e353ef09d4daec48caeacc0254db8ef633a28a5"},
    {file = "mypy-1.12.1-cp310-cp310-manylinux_2_17_x86_64.manylinux2014_x86_64.manylinux_2_28_x86_64.whl", hash = "sha256:b947097fae68004b8328c55161ac9db7d3566abfef72d9d41b47a021c2fba6b1"},
    {file = "mypy-1.12.1-cp310-cp310-musllinux_1_1_x86_64.whl", hash = "sha256:96af62050971c5241afb4701c15189ea9507db89ad07794a4ee7b4e092dc0627"},
    {file = "mypy-1.12.1-cp310-cp310-win_amd64.whl", hash = "sha256:d90da248f4c2dba6c44ddcfea94bb361e491962f05f41990ff24dbd09969ce20"},
    {file = "mypy-1.12.1-cp311-cp311-macosx_10_9_x86_64.whl", hash = "sha256:1230048fec1380faf240be6385e709c8570604d2d27ec6ca7e573e3bc09c3735"},
    {file = "mypy-1.12.1-cp311-cp311-macosx_11_0_arm64.whl", hash = "sha256:02dcfe270c6ea13338210908f8cadc8d31af0f04cee8ca996438fe6a97b4ec66"},
    {file = "mypy-1.12.1-cp311-cp311-manylinux_2_17_x86_64.manylinux2014_x86_64.manylinux_2_28_x86_64.whl", hash = "sha256:a5a437c9102a6a252d9e3a63edc191a3aed5f2fcb786d614722ee3f4472e33f6"},
    {file = "mypy-1.12.1-cp311-cp311-musllinux_1_1_x86_64.whl", hash = "sha256:186e0c8346efc027ee1f9acf5ca734425fc4f7dc2b60144f0fbe27cc19dc7931"},
    {file = "mypy-1.12.1-cp311-cp311-win_amd64.whl", hash = "sha256:673ba1140a478b50e6d265c03391702fa11a5c5aff3f54d69a62a48da32cb811"},
    {file = "mypy-1.12.1-cp312-cp312-macosx_10_13_x86_64.whl", hash = "sha256:9fb83a7be97c498176fb7486cafbb81decccaef1ac339d837c377b0ce3743a7f"},
    {file = "mypy-1.12.1-cp312-cp312-macosx_11_0_arm64.whl", hash = "sha256:389e307e333879c571029d5b93932cf838b811d3f5395ed1ad05086b52148fb0"},
    {file = "mypy-1.12.1-cp312-cp312-manylinux_2_17_x86_64.manylinux2014_x86_64.manylinux_2_28_x86_64.whl", hash = "sha256:94b2048a95a21f7a9ebc9fbd075a4fcd310410d078aa0228dbbad7f71335e042"},
    {file = "mypy-1.12.1-cp312-cp312-musllinux_1_1_x86_64.whl", hash = "sha256:4ee5932370ccf7ebf83f79d1c157a5929d7ea36313027b0d70a488493dc1b179"},
    {file = "mypy-1.12.1-cp312-cp312-win_amd64.whl", hash = "sha256:19bf51f87a295e7ab2894f1d8167622b063492d754e69c3c2fed6563268cb42a"},
    {file = "mypy-1.12.1-cp313-cp313-macosx_10_13_x86_64.whl", hash = "sha256:d34167d43613ffb1d6c6cdc0cc043bb106cac0aa5d6a4171f77ab92a3c758bcc"},
    {file = "mypy-1.12.1-cp313-cp313-macosx_11_0_arm64.whl", hash = "sha256:427878aa54f2e2c5d8db31fa9010c599ed9f994b3b49e64ae9cd9990c40bd635"},
    {file = "mypy-1.12.1-cp313-cp313-manylinux_2_17_x86_64.manylinux2014_x86_64.manylinux_2_28_x86_64.whl", hash = "sha256:5fcde63ea2c9f69d6be859a1e6dd35955e87fa81de95bc240143cf00de1f7f81"},
    {file = "mypy-1.12.1-cp313-cp313-musllinux_1_1_x86_64.whl", hash = "sha256:d54d840f6c052929f4a3d2aab2066af0f45a020b085fe0e40d4583db52aab4e4"},
    {file = "mypy-1.12.1-cp313-cp313-win_amd64.whl", hash = "sha256:20db6eb1ca3d1de8ece00033b12f793f1ea9da767334b7e8c626a4872090cf02"},
    {file = "mypy-1.12.1-cp38-cp38-macosx_10_9_x86_64.whl", hash = "sha256:b16fe09f9c741d85a2e3b14a5257a27a4f4886c171d562bc5a5e90d8591906b8"},
    {file = "mypy-1.12.1-cp38-cp38-macosx_11_0_arm64.whl", hash = "sha256:0dcc1e843d58f444fce19da4cce5bd35c282d4bde232acdeca8279523087088a"},
    {file = "mypy-1.12.1-cp38-cp38-manylinux_2_17_x86_64.manylinux2014_x86_64.manylinux_2_28_x86_64.whl", hash = "sha256:e10ba7de5c616e44ad21005fa13450cd0de7caaa303a626147d45307492e4f2d"},
    {file = "mypy-1.12.1-cp38-cp38-musllinux_1_1_x86_64.whl", hash = "sha256:0e6fe449223fa59fbee351db32283838a8fee8059e0028e9e6494a03802b4004"},
    {file = "mypy-1.12.1-cp38-cp38-win_amd64.whl", hash = "sha256:dc6e2a2195a290a7fd5bac3e60b586d77fc88e986eba7feced8b778c373f9afe"},
    {file = "mypy-1.12.1-cp39-cp39-macosx_10_9_x86_64.whl", hash = "sha256:de5b2a8988b4e1269a98beaf0e7cc71b510d050dce80c343b53b4955fff45f19"},
    {file = "mypy-1.12.1-cp39-cp39-macosx_11_0_arm64.whl", hash = "sha256:843826966f1d65925e8b50d2b483065c51fc16dc5d72647e0236aae51dc8d77e"},
    {file = "mypy-1.12.1-cp39-cp39-manylinux_2_17_x86_64.manylinux2014_x86_64.manylinux_2_28_x86_64.whl", hash = "sha256:9fe20f89da41a95e14c34b1ddb09c80262edcc295ad891f22cc4b60013e8f78d"},
    {file = "mypy-1.12.1-cp39-cp39-musllinux_1_1_x86_64.whl", hash = "sha256:8135ffec02121a75f75dc97c81af7c14aa4ae0dda277132cfcd6abcd21551bfd"},
    {file = "mypy-1.12.1-cp39-cp39-win_amd64.whl", hash = "sha256:a7b76fa83260824300cc4834a3ab93180db19876bce59af921467fd03e692810"},
    {file = "mypy-1.12.1-py3-none-any.whl", hash = "sha256:ce561a09e3bb9863ab77edf29ae3a50e65685ad74bba1431278185b7e5d5486e"},
    {file = "mypy-1.12.1.tar.gz", hash = "sha256:f5b3936f7a6d0e8280c9bdef94c7ce4847f5cdfc258fbb2c29a8c1711e8bb96d"},
]

[[package]]
name = "mypy-extensions"
version = "1.0.0"
requires_python = ">=3.5"
summary = "Type system extensions for programs checked with the mypy type checker."
groups = ["dev"]
files = [
    {file = "mypy_extensions-1.0.0-py3-none-any.whl", hash = "sha256:4392f6c0eb8a5668a69e23d168ffa70f0be9ccfd32b5cc2d26a34ae5b844552d"},
    {file = "mypy_extensions-1.0.0.tar.gz", hash = "sha256:75dbf8955dc00442a438fc4d0666508a9a97b6bd41aa2f0ffe9d2f2725af0782"},
]

[[package]]
name = "packaging"
version = "24.1"
requires_python = ">=3.8"
summary = "Core utilities for Python packages"
groups = ["dev"]
files = [
    {file = "packaging-24.1-py3-none-any.whl", hash = "sha256:5b8f2217dbdbd2f7f384c41c628544e6d52f2d0f53c6d0c3ea61aa5d1d7ff124"},
    {file = "packaging-24.1.tar.gz", hash = "sha256:026ed72c8ed3fcce5bf8950572258698927fd1dbda10a5e981cdf0ac37f4f002"},
]

[[package]]
name = "pluggy"
version = "1.5.0"
requires_python = ">=3.8"
summary = "plugin and hook calling mechanisms for python"
groups = ["dev"]
files = [
    {file = "pluggy-1.5.0-py3-none-any.whl", hash = "sha256:44e1ad92c8ca002de6377e165f3e0f1be63266ab4d554740532335b9d75ea669"},
    {file = "pluggy-1.5.0.tar.gz", hash = "sha256:2cffa88e94fdc978c4c574f15f9e59b7f4201d439195c3715ca9e2486f1d0cf1"},
]

[[package]]
name = "pytest"
version = "8.3.3"
requires_python = ">=3.8"
summary = "pytest: simple powerful testing with Python"
groups = ["dev"]
dependencies = [
    "colorama; sys_platform == \"win32\"",
    "exceptiongroup>=1.0.0rc8; python_version < \"3.11\"",
    "iniconfig",
    "packaging",
    "pluggy<2,>=1.5",
    "tomli>=1; python_version < \"3.11\"",
]
files = [
    {file = "pytest-8.3.3-py3-none-any.whl", hash = "sha256:a6853c7375b2663155079443d2e45de913a911a11d669df02a50814944db57b2"},
    {file = "pytest-8.3.3.tar.gz", hash = "sha256:70b98107bd648308a7952b06e6ca9a50bc660be218d53c257cc1fc94fda10181"},
]

[[package]]
name = "pytest-asyncio"
version = "0.24.0"
requires_python = ">=3.8"
summary = "Pytest support for asyncio"
groups = ["dev"]
dependencies = [
    "pytest<9,>=8.2",
]
files = [
    {file = "pytest_asyncio-0.24.0-py3-none-any.whl", hash = "sha256:a811296ed596b69bf0b6f3dc40f83bcaf341b155a269052d82efa2b25ac7037b"},
    {file = "pytest_asyncio-0.24.0.tar.gz", hash = "sha256:d081d828e576d85f875399194281e92bf8a68d60d72d1a2faf2feddb6c46b276"},
]

[[package]]
name = "python-dateutil"
version = "2.9.0.post0"
requires_python = "!=3.0.*,!=3.1.*,!=3.2.*,>=2.7"
summary = "Extensions to the standard Python datetime module"
groups = ["default"]
dependencies = [
    "six>=1.5",
]
files = [
    {file = "python-dateutil-2.9.0.post0.tar.gz", hash = "sha256:37dd54208da7e1cd875388217d5e00ebd4179249f90fb72437e91a35459a0ad3"},
    {file = "python_dateutil-2.9.0.post0-py2.py3-none-any.whl", hash = "sha256:a8b2bc7bffae282281c8140a97d3aa9c14da0b136dfe83f850eea9a5f7470427"},
]

[[package]]
name = "six"
version = "1.16.0"
requires_python = ">=2.7, !=3.0.*, !=3.1.*, !=3.2.*"
summary = "Python 2 and 3 compatibility utilities"
groups = ["default"]
files = [
    {file = "six-1.16.0-py2.py3-none-any.whl", hash = "sha256:8abb2f1d86890a2dfb989f9a77cfcfd3e47c2a354b01111771326f8aa26e0254"},
    {file = "six-1.16.0.tar.gz", hash = "sha256:1e61c37477a1626458e36f7b1d82aa5c9b094fa4802892072e49de9c60c4c926"},
]

[[package]]
name = "sniffio"
version = "1.3.1"
requires_python = ">=3.7"
summary = "Sniff out which async library your code is running under"
groups = ["default"]
files = [
    {file = "sniffio-1.3.1-py3-none-any.whl", hash = "sha256:2f6da418d1f1e0fddd844478f41680e794e6051915791a034ff65e5f100525a2"},
    {file = "sniffio-1.3.1.tar.gz", hash = "sha256:f4324edc670a0f49750a81b895f35c3adb843cca46f0530f79fc1babb23789dc"},
]

[[package]]
name = "tomli"
version = "2.0.2"
requires_python = ">=3.8"
summary = "A lil' TOML parser"
groups = ["dev"]
marker = "python_version < \"3.11\""
files = [
    {file = "tomli-2.0.2-py3-none-any.whl", hash = "sha256:2ebe24485c53d303f690b0ec092806a085f07af5a5aa1464f3931eec36caaa38"},
    {file = "tomli-2.0.2.tar.gz", hash = "sha256:d46d457a85337051c36524bc5349dd91b1877838e2979ac5ced3e710ed8a60ed"},
]

[[package]]
name = "typing-extensions"
version = "4.12.2"
requires_python = ">=3.8"
summary = "Backported and Experimental Type Hints for Python 3.8+"
groups = ["default", "dev"]
files = [
    {file = "typing_extensions-4.12.2-py3-none-any.whl", hash = "sha256:04e5ca0351e0f3f85c6853954072df659d0d13fac324d0072316b67d7794700d"},
    {file = "typing_extensions-4.12.2.tar.gz", hash = "sha256:1a7ead55c7e559dd4dee8856e3a88b41225abfe1ce8df57b7c13915fe121ffb8"},
]
