# This file is @generated by PDM.
# It is not intended for manual editing.

[metadata]
groups = ["default", "dev"]
strategy = ["inherit_metadata"]
lock_version = "4.5.0"
content_hash = "sha256:9404cbb9c293ee893b3e763b97fc5db2cb27fc7911dabedc0c3306a965a69a44"

[[metadata.targets]]
requires_python = "~=3.10"

[[package]]
name = "anyio"
version = "4.12.0"
requires_python = ">=3.9"
summary = "High-level concurrency and networking framework on top of asyncio or Trio"
groups = ["default"]
dependencies = [
    "exceptiongroup>=1.0.2; python_version < \"3.11\"",
    "idna>=2.8",
    "typing-extensions>=4.5; python_version < \"3.13\"",
]
files = [
    {file = "anyio-4.12.0-py3-none-any.whl", hash = "sha256:dad2376a628f98eeca4881fc56cd06affd18f659b17a747d3ff0307ced94b1bb"},
    {file = "anyio-4.12.0.tar.gz", hash = "sha256:73c693b567b0c55130c104d0b43a9baf3aa6a31fc6110116509f27bf75e21ec0"},
]

[[package]]
name = "attrs"
version = "25.4.0"
requires_python = ">=3.9"
summary = "Classes Without Boilerplate"
groups = ["default"]
files = [
    {file = "attrs-25.4.0-py3-none-any.whl", hash = "sha256:adcf7e2a1fb3b36ac48d97835bb6d8ade15b8dcce26aba8bf1d14847b57a3373"},
    {file = "attrs-25.4.0.tar.gz", hash = "sha256:16d5969b87f0859ef33a48b35d55ac1be6e42ae49d5e853b597db70c35c57e11"},
]

[[package]]
name = "backports-asyncio-runner"
version = "1.2.0"
requires_python = "<3.11,>=3.8"
summary = "Backport of asyncio.Runner, a context manager that controls event loop life cycle."
groups = ["dev"]
marker = "python_version < \"3.11\""
files = [
    {file = "backports_asyncio_runner-1.2.0-py3-none-any.whl", hash = "sha256:0da0a936a8aeb554eccb426dc55af3ba63bcdc69fa1a600b5bb305413a4477b5"},
    {file = "backports_asyncio_runner-1.2.0.tar.gz", hash = "sha256:a5aa7b2b7d8f8bfcaa2b57313f70792df84e32a2a746f585213373f900b42162"},
]

[[package]]
name = "certifi"
version = "2025.11.12"
requires_python = ">=3.7"
summary = "Python package for providing Mozilla's CA Bundle."
groups = ["default"]
files = [
    {file = "certifi-2025.11.12-py3-none-any.whl", hash = "sha256:97de8790030bbd5c2d96b7ec782fc2f7820ef8dba6db909ccf95449f2d062d4b"},
    {file = "certifi-2025.11.12.tar.gz", hash = "sha256:d8ab5478f2ecd78af242878415affce761ca6bc54a22a27e026d7c25357c3316"},
]

[[package]]
name = "colorama"
version = "0.4.6"
requires_python = "!=3.0.*,!=3.1.*,!=3.2.*,!=3.3.*,!=3.4.*,!=3.5.*,!=3.6.*,>=2.7"
summary = "Cross-platform colored terminal text."
groups = ["dev"]
marker = "sys_platform == \"win32\""
files = [
    {file = "colorama-0.4.6-py2.py3-none-any.whl", hash = "sha256:4f1d9991f5acc0ca119f9d443620b77f9d6b33703e51011c16baf57afb285fc6"},
    {file = "colorama-0.4.6.tar.gz", hash = "sha256:08695f5cb7ed6e0531a20572697297273c47b8cae5a63ffc6d6ed5c201be6e44"},
]

[[package]]
name = "exceptiongroup"
version = "1.3.1"
requires_python = ">=3.7"
summary = "Backport of PEP 654 (exception groups)"
groups = ["default", "dev"]
marker = "python_version < \"3.11\""
dependencies = [
    "typing-extensions>=4.6.0; python_version < \"3.13\"",
]
files = [
    {file = "exceptiongroup-1.3.1-py3-none-any.whl", hash = "sha256:a7a39a3bd276781e98394987d3a5701d0c4edffb633bb7a5144577f82c773598"},
    {file = "exceptiongroup-1.3.1.tar.gz", hash = "sha256:8b412432c6055b0b7d14c310000ae93352ed6754f70fa8f7c34141f91c4e3219"},
]

[[package]]
name = "h11"
version = "0.16.0"
requires_python = ">=3.8"
summary = "A pure-Python, bring-your-own-I/O implementation of HTTP/1.1"
groups = ["default"]
files = [
    {file = "h11-0.16.0-py3-none-any.whl", hash = "sha256:63cf8bbe7522de3bf65932fda1d9c2772064ffb3dae62d55932da54b31cb6c86"},
    {file = "h11-0.16.0.tar.gz", hash = "sha256:4e35b956cf45792e4caa5885e69fba00bdbc6ffafbfa020300e549b208ee5ff1"},
]

[[package]]
name = "httpcore"
version = "1.0.9"
requires_python = ">=3.8"
summary = "A minimal low-level HTTP client."
groups = ["default"]
dependencies = [
    "certifi",
    "h11>=0.16",
]
files = [
    {file = "httpcore-1.0.9-py3-none-any.whl", hash = "sha256:2d400746a40668fc9dec9810239072b40b4484b640a8c38fd654a024c7a1bf55"},
    {file = "httpcore-1.0.9.tar.gz", hash = "sha256:6e34463af53fd2ab5d807f399a9b45ea31c3dfa2276f15a2c3f00afff6e176e8"},
]

[[package]]
name = "httpx"
version = "0.28.1"
requires_python = ">=3.8"
summary = "The next generation HTTP client."
groups = ["default"]
dependencies = [
    "anyio",
    "certifi",
    "httpcore==1.*",
    "idna",
]
files = [
    {file = "httpx-0.28.1-py3-none-any.whl", hash = "sha256:d909fcccc110f8c7faf814ca82a9a4d816bc5a6dbfea25d6591d6985b8ba59ad"},
    {file = "httpx-0.28.1.tar.gz", hash = "sha256:75e98c5f16b0f35b567856f597f06ff2270a374470a5c2392242528e3e3e42fc"},
]

[[package]]
name = "idna"
version = "3.11"
requires_python = ">=3.8"
summary = "Internationalized Domain Names in Applications (IDNA)"
groups = ["default"]
files = [
    {file = "idna-3.11-py3-none-any.whl", hash = "sha256:771a87f49d9defaf64091e6e6fe9c18d4833f140bd19464795bc32d966ca37ea"},
    {file = "idna-3.11.tar.gz", hash = "sha256:795dafcc9c04ed0c1fb032c2aa73654d8e8c5023a7df64a53f39190ada629902"},
]

[[package]]
name = "iniconfig"
version = "2.3.0"
requires_python = ">=3.10"
summary = "brain-dead simple config-ini parsing"
groups = ["dev"]
files = [
    {file = "iniconfig-2.3.0-py3-none-any.whl", hash = "sha256:f631c04d2c48c52b84d0d0549c99ff3859c98df65b3101406327ecc7d53fbf12"},
    {file = "iniconfig-2.3.0.tar.gz", hash = "sha256:c76315c77db068650d49c5b56314774a7804df16fee4402c1f19d6d15d8c4730"},
]

[[package]]
name = "librt"
version = "0.7.5"
requires_python = ">=3.9"
summary = "Mypyc runtime library"
groups = ["dev"]
marker = "platform_python_implementation != \"PyPy\""
files = [
    {file = "librt-0.7.5-cp310-cp310-macosx_10_9_x86_64.whl", hash = "sha256:81056e01bba1394f1d92904ec61a4078f66df785316275edbaf51d90da8c6e26"},
    {file = "librt-0.7.5-cp310-cp310-macosx_11_0_arm64.whl", hash = "sha256:d7c72c8756eeb3aefb1b9e3dac7c37a4a25db63640cac0ab6fc18e91a0edf05a"},
    {file = "librt-0.7.5-cp310-cp310-manylinux1_i686.manylinux_2_28_i686.manylinux_2_5_i686.whl", hash = "sha256:ddc4a16207f88f9597b397fc1f60781266d13b13de922ff61c206547a29e4bbd"},
    {file = "librt-0.7.5-cp310-cp310-manylinux2014_aarch64.manylinux_2_17_aarch64.manylinux_2_28_aarch64.whl", hash = "sha256:63055d3dda433ebb314c9f1819942f16a19203c454508fdb2d167613f7017169"},
    {file = "librt-0.7.5-cp310-cp310-manylinux2014_x86_64.manylinux_2_17_x86_64.manylinux_2_28_x86_64.whl", hash = "sha256:9f85f9b5db87b0f52e53c68ad2a0c5a53e00afa439bd54a1723742a2b1021276"},
    {file = "librt-0.7.5-cp310-cp310-musllinux_1_2_aarch64.whl", hash = "sha256:c566a4672564c5d54d8ab65cdaae5a87ee14c1564c1a2ddc7a9f5811c750f023"},
    {file = "librt-0.7.5-cp310-cp310-musllinux_1_2_i686.whl", hash = "sha256:fee15c2a190ef389f14928135c6fb2d25cd3fdb7887bfd9a7b444bbdc8c06b96"},
    {file = "librt-0.7.5-cp310-cp310-musllinux_1_2_x86_64.whl", hash = "sha256:584cb3e605ec45ba350962cec853e17be0a25a772f21f09f1e422f7044ae2a7d"},
    {file = "librt-0.7.5-cp310-cp310-win32.whl", hash = "sha256:9c08527055fbb03c641c15bbc5b79dd2942fb6a3bd8dabf141dd7e97eeea4904"},
    {file = "librt-0.7.5-cp310-cp310-win_amd64.whl", hash = "sha256:dd810f2d39c526c42ea205e0addad5dc08ef853c625387806a29d07f9d150d9b"},
    {file = "librt-0.7.5-cp311-cp311-macosx_10_9_x86_64.whl", hash = "sha256:f952e1a78c480edee8fb43aa2bf2e84dcd46c917d44f8065b883079d3893e8fc"},
    {file = "librt-0.7.5-cp311-cp311-macosx_11_0_arm64.whl", hash = "sha256:75965c1f4efb7234ff52a58b729d245a21e87e4b6a26a0ec08052f02b16274e4"},
    {file = "librt-0.7.5-cp311-cp311-manylinux1_i686.manylinux_2_28_i686.manylinux_2_5_i686.whl", hash = "sha256:732e0aa0385b59a1b2545159e781c792cc58ce9c134249233a7c7250a44684c4"},
    {file = "librt-0.7.5-cp311-cp311-manylinux2014_aarch64.manylinux_2_17_aarch64.manylinux_2_28_aarch64.whl", hash = "sha256:cdde31759bd8888f3ef0eebda80394a48961328a17c264dce8cc35f4b9cde35d"},
    {file = "librt-0.7.5-cp311-cp311-manylinux2014_x86_64.manylinux_2_17_x86_64.manylinux_2_28_x86_64.whl", hash = "sha256:df3146d52465b3b6397d25d513f428cb421c18df65b7378667bb5f1e3cc45805"},
    {file = "librt-0.7.5-cp311-cp311-musllinux_1_2_aarch64.whl", hash = "sha256:29c8d2fae11d4379ea207ba7fc69d43237e42cf8a9f90ec6e05993687e6d648b"},
    {file = "librt-0.7.5-cp311-cp311-musllinux_1_2_i686.whl", hash = "sha256:bb41f04046b4f22b1e7ba5ef513402cd2e3477ec610e5f92d38fe2bba383d419"},
    {file = "librt-0.7.5-cp311-cp311-musllinux_1_2_x86_64.whl", hash = "sha256:8bb7883c1e94ceb87c2bf81385266f032da09cd040e804cc002f2c9d6b842e2f"},
    {file = "librt-0.7.5-cp311-cp311-win32.whl", hash = "sha256:84d4a6b9efd6124f728558a18e79e7cc5c5d4efc09b2b846c910de7e564f5bad"},
    {file = "librt-0.7.5-cp311-cp311-win_amd64.whl", hash = "sha256:ab4b0d3bee6f6ff7017e18e576ac7e41a06697d8dea4b8f3ab9e0c8e1300c409"},
    {file = "librt-0.7.5-cp311-cp311-win_arm64.whl", hash = "sha256:730be847daad773a3c898943cf67fb9845a3961d06fb79672ceb0a8cd8624cfa"},
    {file = "librt-0.7.5-cp312-cp312-macosx_10_13_x86_64.whl", hash = "sha256:ba1077c562a046208a2dc6366227b3eeae8f2c2ab4b41eaf4fd2fa28cece4203"},
    {file = "librt-0.7.5-cp312-cp312-macosx_11_0_arm64.whl", hash = "sha256:654fdc971c76348a73af5240d8e2529265b9a7ba6321e38dd5bae7b0d4ab3abe"},
    {file = "librt-0.7.5-cp312-cp312-manylinux1_i686.manylinux_2_28_i686.manylinux_2_5_i686.whl", hash = "sha256:6b7b58913d475911f6f33e8082f19dd9b120c4f4a5c911d07e395d67b81c6982"},
    {file = "librt-0.7.5-cp312-cp312-manylinux2014_aarch64.manylinux_2_17_aarch64.manylinux_2_28_aarch64.whl", hash = "sha256:b8e0fd344bad57026a8f4ccfaf406486c2fc991838050c2fef156170edc3b775"},
    {file = "librt-0.7.5-cp312-cp312-manylinux2014_x86_64.manylinux_2_17_x86_64.manylinux_2_28_x86_64.whl", hash = "sha256:46aa91813c267c3f60db75d56419b42c0c0b9748ec2c568a0e3588e543fb4233"},
    {file = "librt-0.7.5-cp312-cp312-musllinux_1_2_aarch64.whl", hash = "sha256:ddc0ab9dbc5f9ceaf2bf7a367bf01f2697660e908f6534800e88f43590b271db"},
    {file = "librt-0.7.5-cp312-cp312-musllinux_1_2_i686.whl", hash = "sha256:7a488908a470451338607650f1c064175094aedebf4a4fa37890682e30ce0b57"},
    {file = "librt-0.7.5-cp312-cp312-musllinux_1_2_x86_64.whl", hash = "sha256:e47fc52602ffc374e69bf1b76536dc99f7f6dd876bd786c8213eaa3598be030a"},
    {file = "librt-0.7.5-cp312-cp312-win32.whl", hash = "sha256:cda8b025875946ffff5a9a7590bf9acde3eb02cb6200f06a2d3e691ef3d9955b"},
    {file = "librt-0.7.5-cp312-cp312-win_amd64.whl", hash = "sha256:b591c094afd0ffda820e931148c9e48dc31a556dc5b2b9b3cc552fa710d858e4"},
    {file = "librt-0.7.5-cp312-cp312-win_arm64.whl", hash = "sha256:532ddc6a8a6ca341b1cd7f4d999043e4c71a212b26fe9fd2e7f1e8bb4e873544"},
    {file = "librt-0.7.5-cp313-cp313-macosx_10_13_x86_64.whl", hash = "sha256:b1795c4b2789b458fa290059062c2f5a297ddb28c31e704d27e161386469691a"},
    {file = "librt-0.7.5-cp313-cp313-macosx_11_0_arm64.whl", hash = "sha256:2fcbf2e135c11f721193aa5f42ba112bb1046afafbffd407cbc81d8d735c74d0"},
    {file = "librt-0.7.5-cp313-cp313-manylinux1_i686.manylinux_2_28_i686.manylinux_2_5_i686.whl", hash = "sha256:c039bbf79a9a2498404d1ae7e29a6c175e63678d7a54013a97397c40aee026c5"},
    {file = "librt-0.7.5-cp313-cp313-manylinux2014_aarch64.manylinux_2_17_aarch64.manylinux_2_28_aarch64.whl", hash = "sha256:3919c9407faeeee35430ae135e3a78acd4ecaaaa73767529e2c15ca1d73ba325"},
    {file = "librt-0.7.5-cp313-cp313-manylinux2014_x86_64.manylinux_2_17_x86_64.manylinux_2_28_x86_64.whl", hash = "sha256:26b46620e1e0e45af510d9848ea0915e7040605dd2ae94ebefb6c962cbb6f7ec"},
    {file = "librt-0.7.5-cp313-cp313-musllinux_1_2_aarch64.whl", hash = "sha256:9bbb8facc5375476d392990dd6a71f97e4cb42e2ac66f32e860f6e47299d5e89"},
    {file = "librt-0.7.5-cp313-cp313-musllinux_1_2_i686.whl", hash = "sha256:e9e9c988b5ffde7be02180f864cbd17c0b0c1231c235748912ab2afa05789c25"},
    {file = "librt-0.7.5-cp313-cp313-musllinux_1_2_x86_64.whl", hash = "sha256:edf6b465306215b19dbe6c3fb63cf374a8f3e1ad77f3b4c16544b83033bbb67b"},
    {file = "librt-0.7.5-cp313-cp313-win32.whl", hash = "sha256:060bde69c3604f694bd8ae21a780fe8be46bb3dbb863642e8dfc75c931ca8eee"},
    {file = "librt-0.7.5-cp313-cp313-win_amd64.whl", hash = "sha256:a82d5a0ee43aeae2116d7292c77cc8038f4841830ade8aa922e098933b468b9e"},
    {file = "librt-0.7.5-cp313-cp313-win_arm64.whl", hash = "sha256:3c98a8d0ac9e2a7cb8ff8c53e5d6e8d82bfb2839abf144fdeaaa832f2a12aa45"},
    {file = "librt-0.7.5-cp314-cp314-macosx_10_13_x86_64.whl", hash = "sha256:9937574e6d842f359b8585903d04f5b4ab62277a091a93e02058158074dc52f2"},
    {file = "librt-0.7.5-cp314-cp314-macosx_11_0_arm64.whl", hash = "sha256:5cd3afd71e9bc146203b6c8141921e738364158d4aa7cdb9a874e2505163770f"},
    {file = "librt-0.7.5-cp314-cp314-manylinux1_i686.manylinux_2_28_i686.manylinux_2_5_i686.whl", hash = "sha256:9cffa3ef0af29687455161cb446eff059bf27607f95163d6a37e27bcb37180f6"},
    {file = "librt-0.7.5-cp314-cp314-manylinux2014_aarch64.manylinux_2_17_aarch64.manylinux_2_28_aarch64.whl", hash = "sha256:82f3f088482e2229387eadf8215c03f7726d56f69cce8c0c40f0795aebc9b361"},
    {file = "librt-0.7.5-cp314-cp314-manylinux2014_x86_64.manylinux_2_17_x86_64.manylinux_2_28_x86_64.whl", hash = "sha256:d7aa33153a5bb0bac783d2c57885889b1162823384e8313d47800a0e10d0070e"},
    {file = "librt-0.7.5-cp314-cp314-musllinux_1_2_aarch64.whl", hash = "sha256:265729b551a2dd329cc47b323a182fb7961af42abf21e913c9dd7d3331b2f3c2"},
    {file = "librt-0.7.5-cp314-cp314-musllinux_1_2_i686.whl", hash = "sha256:168e04663e126416ba712114050f413ac306759a1791d87b7c11d4428ba75760"},
    {file = "librt-0.7.5-cp314-cp314-musllinux_1_2_x86_64.whl", hash = "sha256:553dc58987d1d853adda8aeadf4db8e29749f0b11877afcc429a9ad892818ae2"},
    {file = "librt-0.7.5-cp314-cp314-win32.whl", hash = "sha256:263f4fae9eba277513357c871275b18d14de93fd49bf5e43dc60a97b81ad5eb8"},
    {file = "librt-0.7.5-cp314-cp314-win_amd64.whl", hash = "sha256:85f485b7471571e99fab4f44eeb327dc0e1f814ada575f3fa85e698417d8a54e"},
    {file = "librt-0.7.5-cp314-cp314-win_arm64.whl", hash = "sha256:49c596cd18e90e58b7caa4d7ca7606049c1802125fcff96b8af73fa5c3870e4d"},
    {file = "librt-0.7.5-cp314-cp314t-macosx_10_13_x86_64.whl", hash = "sha256:54d2aef0b0f5056f130981ad45081b278602ff3657fe16c88529f5058038e802"},
    {file = "librt-0.7.5-cp314-cp314t-macosx_11_0_arm64.whl", hash = "sha256:0b4791202296ad51ac09a3ff58eb49d9da8e3a4009167a6d76ac418a974e5fd4"},
    {file = "librt-0.7.5-cp314-cp314t-manylinux1_i686.manylinux_2_28_i686.manylinux_2_5_i686.whl", hash = "sha256:6e860909fea75baef941ee6436e0453612505883b9d0d87924d4fda27865b9a2"},
    {file = "librt-0.7.5-cp314-cp314t-manylinux2014_aarch64.manylinux_2_17_aarch64.manylinux_2_28_aarch64.whl", hash = "sha256:f02c4337bf271c4f06637f5ff254fad2238c0b8e32a3a480ebb2fc5e26f754a5"},
    {file = "librt-0.7.5-cp314-cp314t-manylinux2014_x86_64.manylinux_2_17_x86_64.manylinux_2_28_x86_64.whl", hash = "sha256:f7f51ffe59f4556243d3cc82d827bde74765f594fa3ceb80ec4de0c13ccd3416"},
    {file = "librt-0.7.5-cp314-cp314t-musllinux_1_2_aarch64.whl", hash = "sha256:0b7f080ba30601dfa3e3deed3160352273e1b9bc92e652f51103c3e9298f7899"},
    {file = "librt-0.7.5-cp314-cp314t-musllinux_1_2_i686.whl", hash = "sha256:fb565b4219abc8ea2402e61c7ba648a62903831059ed3564fa1245cc245d58d7"},
    {file = "librt-0.7.5-cp314-cp314t-musllinux_1_2_x86_64.whl", hash = "sha256:8a3cfb15961e7333ea6ef033dc574af75153b5c230d5ad25fbcd55198f21e0cf"},
    {file = "librt-0.7.5-cp314-cp314t-win32.whl", hash = "sha256:118716de5ad6726332db1801bc90fa6d94194cd2e07c1a7822cebf12c496714d"},
    {file = "librt-0.7.5-cp314-cp314t-win_amd64.whl", hash = "sha256:3dd58f7ce20360c6ce0c04f7bd9081c7f9c19fc6129a3c705d0c5a35439f201d"},
    {file = "librt-0.7.5-cp314-cp314t-win_arm64.whl", hash = "sha256:08153ea537609d11f774d2bfe84af39d50d5c9ca3a4d061d946e0c9d8bce04a1"},
    {file = "librt-0.7.5.tar.gz", hash = "sha256:de4221a1181fa9c8c4b5f35506ed6f298948f44003d84d2a8b9885d7e01e6cfa"},
]

[[package]]
name = "mypy"
version = "1.19.1"
requires_python = ">=3.9"
summary = "Optional static typing for Python"
groups = ["dev"]
dependencies = [
    "librt>=0.6.2; platform_python_implementation != \"PyPy\"",
    "mypy-extensions>=1.0.0",
    "pathspec>=0.9.0",
    "tomli>=1.1.0; python_version < \"3.11\"",
    "typing-extensions>=4.6.0",
]
files = [
    {file = "mypy-1.19.1-cp310-cp310-macosx_10_9_x86_64.whl", hash = "sha256:5f05aa3d375b385734388e844bc01733bd33c644ab48e9684faa54e5389775ec"},
    {file = "mypy-1.19.1-cp310-cp310-macosx_11_0_arm64.whl", hash = "sha256:022ea7279374af1a5d78dfcab853fe6a536eebfda4b59deab53cd21f6cd9f00b"},
    {file = "mypy-1.19.1-cp310-cp310-manylinux2014_aarch64.manylinux_2_17_aarch64.manylinux_2_28_aarch64.whl", hash = "sha256:ee4c11e460685c3e0c64a4c5de82ae143622410950d6be863303a1c4ba0e36d6"},
    {file = "mypy-1.19.1-cp310-cp310-manylinux2014_x86_64.manylinux_2_17_x86_64.manylinux_2_28_x86_64.whl", hash = "sha256:de759aafbae8763283b2ee5869c7255391fbc4de3ff171f8f030b5ec48381b74"},
    {file = "mypy-1.19.1-cp310-cp310-musllinux_1_2_x86_64.whl", hash = "sha256:ab43590f9cd5108f41aacf9fca31841142c786827a74ab7cc8a2eacb634e09a1"},
    {file = "mypy-1.19.1-cp310-cp310-win_amd64.whl", hash = "sha256:2899753e2f61e571b3971747e302d5f420c3fd09650e1951e99f823bc3089dac"},
    {file = "mypy-1.19.1-cp311-cp311-macosx_10_9_x86_64.whl", hash = "sha256:d8dfc6ab58ca7dda47d9237349157500468e404b17213d44fc1cb77bce532288"},
    {file = "mypy-1.19.1-cp311-cp311-macosx_11_0_arm64.whl", hash = "sha256:e3f276d8493c3c97930e354b2595a44a21348b320d859fb4a2b9f66da9ed27ab"},
    {file = "mypy-1.19.1-cp311-cp311-manylinux2014_aarch64.manylinux_2_17_aarch64.manylinux_2_28_aarch64.whl", hash = "sha256:2abb24cf3f17864770d18d673c85235ba52456b36a06b6afc1e07c1fdcd3d0e6"},
    {file = "mypy-1.19.1-cp311-cp311-manylinux2014_x86_64.manylinux_2_17_x86_64.manylinux_2_28_x86_64.whl", hash = "sha256:a009ffa5a621762d0c926a078c2d639104becab69e79538a494bcccb62cc0331"},
    {file = "mypy-1.19.1-cp311-cp311-musllinux_1_2_x86_64.whl", hash = "sha256:f7cee03c9a2e2ee26ec07479f38ea9c884e301d42c6d43a19d20fb014e3ba925"},
    {file = "mypy-1.19.1-cp311-cp311-win_amd64.whl", hash = "sha256:4b84a7a18f41e167f7995200a1d07a4a6810e89d29859df936f1c3923d263042"},
    {file = "mypy-1.19.1-cp312-cp312-macosx_10_13_x86_64.whl", hash = "sha256:a8174a03289288c1f6c46d55cef02379b478bfbc8e358e02047487cad44c6ca1"},
    {file = "mypy-1.19.1-cp312-cp312-macosx_11_0_arm64.whl", hash = "sha256:ffcebe56eb09ff0c0885e750036a095e23793ba6c2e894e7e63f6d89ad51f22e"},
    {file = "mypy-1.19.1-cp312-cp312-manylinux2014_aarch64.manylinux_2_17_aarch64.manylinux_2_28_aarch64.whl", hash = "sha256:b64d987153888790bcdb03a6473d321820597ab8dd9243b27a92153c4fa50fd2"},
    {file = "mypy-1.19.1-cp312-cp312-manylinux2014_x86_64.manylinux_2_17_x86_64.manylinux_2_28_x86_64.whl", hash = "sha256:c35d298c2c4bba75feb2195655dfea8124d855dfd7343bf8b8c055421eaf0cf8"},
    {file = "mypy-1.19.1-cp312-cp312-musllinux_1_2_x86_64.whl", hash = "sha256:34c81968774648ab5ac09c29a375fdede03ba253f8f8287847bd480782f73a6a"},
    {file = "mypy-1.19.1-cp312-cp312-win_amd64.whl", hash = "sha256:b10e7c2cd7870ba4ad9b2d8a6102eb5ffc1f16ca35e3de6bfa390c1113029d13"},
    {file = "mypy-1.19.1-cp313-cp313-macosx_10_13_x86_64.whl", hash = "sha256:e3157c7594ff2ef1634ee058aafc56a82db665c9438fd41b390f3bde1ab12250"},
    {file = "mypy-1.19.1-cp313-cp313-macosx_11_0_arm64.whl", hash = "sha256:bdb12f69bcc02700c2b47e070238f42cb87f18c0bc1fc4cdb4fb2bc5fd7a3b8b"},
    {file = "mypy-1.19.1-cp313-cp313-manylinux2014_aarch64.manylinux_2_17_aarch64.manylinux_2_28_aarch64.whl", hash = "sha256:f859fb09d9583a985be9a493d5cfc5515b56b08f7447759a0c5deaf68d80506e"},
    {file = "mypy-1.19.1-cp313-cp313-manylinux2014_x86_64.manylinux_2_17_x86_64.manylinux_2_28_x86_64.whl", hash = "sha256:c9a6538e0415310aad77cb94004ca6482330fece18036b5f360b62c45814c4ef"},
    {file = "mypy-1.19.1-cp313-cp313-musllinux_1_2_x86_64.whl", hash = "sha256:da4869fc5e7f62a88f3fe0b5c919d1d9f7ea3cef92d3689de2823fd27e40aa75"},
    {file = "mypy-1.19.1-cp313-cp313-win_amd64.whl", hash = "sha256:016f2246209095e8eda7538944daa1d60e1e8134d98983b9fc1e92c1fc0cb8dd"},
    {file = "mypy-1.19.1-cp314-cp314-macosx_10_15_x86_64.whl", hash = "sha256:06e6170bd5836770e8104c8fdd58e5e725cfeb309f0a6c681a811f557e97eac1"},
    {file = "mypy-1.19.1-cp314-cp314-macosx_11_0_arm64.whl", hash = "sha256:804bd67b8054a85447c8954215a906d6eff9cabeabe493fb6334b24f4bfff718"},
    {file = "mypy-1.19.1-cp314-cp314-manylinux2014_aarch64.manylinux_2_17_aarch64.manylinux_2_28_aarch64.whl", hash = "sha256:21761006a7f497cb0d4de3d8ef4ca70532256688b0523eee02baf9eec895e27b"},
    {file = "mypy-1.19.1-cp314-cp314-manylinux2014_x86_64.manylinux_2_17_x86_64.manylinux_2_28_x86_64.whl", hash = "sha256:28902ee51f12e0f19e1e16fbe2f8f06b6637f482c459dd393efddd0ec7f82045"},
    {file = "mypy-1.19.1-cp314-cp314-musllinux_1_2_x86_64.whl", hash = "sha256:481daf36a4c443332e2ae9c137dfee878fcea781a2e3f895d54bd3002a900957"},
    {file = "mypy-1.19.1-cp314-cp314-win_amd64.whl", hash = "sha256:8bb5c6f6d043655e055be9b542aa5f3bdd30e4f3589163e85f93f3640060509f"},
    {file = "mypy-1.19.1-py3-none-any.whl", hash = "sha256:f1235f5ea01b7db5468d53ece6aaddf1ad0b88d9e7462b86ef96fe04995d7247"},
    {file = "mypy-1.19.1.tar.gz", hash = "sha256:19d88bb05303fe63f71dd2c6270daca27cb9401c4ca8255fe50d1d920e0eb9ba"},
]

[[package]]
name = "mypy-extensions"
version = "1.1.0"
requires_python = ">=3.8"
summary = "Type system extensions for programs checked with the mypy type checker."
groups = ["dev"]
files = [
    {file = "mypy_extensions-1.1.0-py3-none-any.whl", hash = "sha256:1be4cccdb0f2482337c4743e60421de3a356cd97508abadd57d47403e94f5505"},
    {file = "mypy_extensions-1.1.0.tar.gz", hash = "sha256:52e68efc3284861e772bbcd66823fde5ae21fd2fdb51c62a211403730b916558"},
]

[[package]]
name = "packaging"
version = "25.0"
requires_python = ">=3.8"
summary = "Core utilities for Python packages"
groups = ["dev"]
files = [
    {file = "packaging-25.0-py3-none-any.whl", hash = "sha256:29572ef2b1f17581046b3a2227d5c611fb25ec70ca1ba8554b24b0e69331a484"},
    {file = "packaging-25.0.tar.gz", hash = "sha256:d443872c98d677bf60f6a1f2f8c1cb748e8fe762d2bf9d3148b5599295b0fc4f"},
]

[[package]]
name = "pathspec"
version = "0.12.1"
requires_python = ">=3.8"
summary = "Utility library for gitignore style pattern matching of file paths."
groups = ["dev"]
files = [
    {file = "pathspec-0.12.1-py3-none-any.whl", hash = "sha256:a0d503e138a4c123b27490a4f7beda6a01c6f288df0e4a8b79c7eb0dc7b4cc08"},
    {file = "pathspec-0.12.1.tar.gz", hash = "sha256:a482d51503a1ab33b1c67a6c3813a26953dbdc71c31dacaef9a838c4e29f5712"},
]

[[package]]
name = "pluggy"
version = "1.6.0"
requires_python = ">=3.9"
summary = "plugin and hook calling mechanisms for python"
groups = ["dev"]
files = [
    {file = "pluggy-1.6.0-py3-none-any.whl", hash = "sha256:e920276dd6813095e9377c0bc5566d94c932c33b27a3e3945d8389c374dd4746"},
    {file = "pluggy-1.6.0.tar.gz", hash = "sha256:7dcc130b76258d33b90f61b658791dede3486c3e6bfb003ee5c9bfb396dd22f3"},
]

[[package]]
name = "pygments"
version = "2.19.2"
requires_python = ">=3.8"
summary = "Pygments is a syntax highlighting package written in Python."
groups = ["dev"]
files = [
    {file = "pygments-2.19.2-py3-none-any.whl", hash = "sha256:86540386c03d588bb81d44bc3928634ff26449851e99741617ecb9037ee5ec0b"},
    {file = "pygments-2.19.2.tar.gz", hash = "sha256:636cb2477cec7f8952536970bc533bc43743542f70392ae026374600add5b887"},
]

[[package]]
name = "pytest"
version = "9.0.2"
requires_python = ">=3.10"
summary = "pytest: simple powerful testing with Python"
groups = ["dev"]
dependencies = [
    "colorama>=0.4; sys_platform == \"win32\"",
    "exceptiongroup>=1; python_version < \"3.11\"",
    "iniconfig>=1.0.1",
    "packaging>=22",
    "pluggy<2,>=1.5",
    "pygments>=2.7.2",
    "tomli>=1; python_version < \"3.11\"",
]
files = [
    {file = "pytest-9.0.2-py3-none-any.whl", hash = "sha256:711ffd45bf766d5264d487b917733b453d917afd2b0ad65223959f59089f875b"},
    {file = "pytest-9.0.2.tar.gz", hash = "sha256:75186651a92bd89611d1d9fc20f0b4345fd827c41ccd5c299a868a05d70edf11"},
]

[[package]]
name = "pytest-asyncio"
version = "1.3.0"
requires_python = ">=3.10"
summary = "Pytest support for asyncio"
groups = ["dev"]
dependencies = [
    "backports-asyncio-runner<2,>=1.1; python_version < \"3.11\"",
    "pytest<10,>=8.2",
    "typing-extensions>=4.12; python_version < \"3.13\"",
]
files = [
    {file = "pytest_asyncio-1.3.0-py3-none-any.whl", hash = "sha256:611e26147c7f77640e6d0a92a38ed17c3e9848063698d5c93d5aa7aa11cebff5"},
    {file = "pytest_asyncio-1.3.0.tar.gz", hash = "sha256:d7f52f36d231b80ee124cd216ffb19369aa168fc10095013c6b014a34d3ee9e5"},
]

[[package]]
name = "python-dateutil"
version = "2.9.0.post0"
requires_python = "!=3.0.*,!=3.1.*,!=3.2.*,>=2.7"
summary = "Extensions to the standard Python datetime module"
groups = ["default"]
dependencies = [
    "six>=1.5",
]
files = [
    {file = "python-dateutil-2.9.0.post0.tar.gz", hash = "sha256:37dd54208da7e1cd875388217d5e00ebd4179249f90fb72437e91a35459a0ad3"},
    {file = "python_dateutil-2.9.0.post0-py2.py3-none-any.whl", hash = "sha256:a8b2bc7bffae282281c8140a97d3aa9c14da0b136dfe83f850eea9a5f7470427"},
]

[[package]]
name = "six"
version = "1.17.0"
requires_python = "!=3.0.*,!=3.1.*,!=3.2.*,>=2.7"
summary = "Python 2 and 3 compatibility utilities"
groups = ["default"]
files = [
    {file = "six-1.17.0-py2.py3-none-any.whl", hash = "sha256:4721f391ed90541fddacab5acf947aa0d3dc7d27b2e1e8eda2be8970586c3274"},
    {file = "six-1.17.0.tar.gz", hash = "sha256:ff70335d468e7eb6ec65b95b99d3a2836546063f63acc5171de367e834932a81"},
]

[[package]]
name = "tomli"
version = "2.3.0"
requires_python = ">=3.8"
summary = "A lil' TOML parser"
groups = ["dev"]
marker = "python_version < \"3.11\""
files = [
    {file = "tomli-2.3.0-cp311-cp311-macosx_10_9_x86_64.whl", hash = "sha256:88bd15eb972f3664f5ed4b57c1634a97153b4bac4479dcb6a495f41921eb7f45"},
    {file = "tomli-2.3.0-cp311-cp311-macosx_11_0_arm64.whl", hash = "sha256:883b1c0d6398a6a9d29b508c331fa56adbcdff647f6ace4dfca0f50e90dfd0ba"},
    {file = "tomli-2.3.0-cp311-cp311-manylinux2014_aarch64.manylinux_2_17_aarch64.manylinux_2_28_aarch64.whl", hash = "sha256:d1381caf13ab9f300e30dd8feadb3de072aeb86f1d34a8569453ff32a7dea4bf"},
    {file = "tomli-2.3.0-cp311-cp311-manylinux2014_x86_64.manylinux_2_17_x86_64.manylinux_2_28_x86_64.whl", hash = "sha256:a0e285d2649b78c0d9027570d4da3425bdb49830a6156121360b3f8511ea3441"},
    {file = "tomli-2.3.0-cp311-cp311-musllinux_1_2_aarch64.whl", hash = "sha256:0a154a9ae14bfcf5d8917a59b51ffd5a3ac1fd149b71b47a3a104ca4edcfa845"},
    {file = "tomli-2.3.0-cp311-cp311-musllinux_1_2_x86_64.whl", hash = "sha256:74bf8464ff93e413514fefd2be591c3b0b23231a77f901db1eb30d6f712fc42c"},
    {file = "tomli-2.3.0-cp311-cp311-win32.whl", hash = "sha256:00b5f5d95bbfc7d12f91ad8c593a1659b6387b43f054104cda404be6bda62456"},
    {file = "tomli-2.3.0-cp311-cp311-win_amd64.whl", hash = "sha256:4dc4ce8483a5d429ab602f111a93a6ab1ed425eae3122032db7e9acf449451be"},
    {file = "tomli-2.3.0-cp312-cp312-macosx_10_13_x86_64.whl", hash = "sha256:d7d86942e56ded512a594786a5ba0a5e521d02529b3826e7761a05138341a2ac"},
    {file = "tomli-2.3.0-cp312-cp312-macosx_11_0_arm64.whl", hash = "sha256:73ee0b47d4dad1c5e996e3cd33b8a76a50167ae5f96a2607cbe8cc773506ab22"},
    {file = "tomli-2.3.0-cp312-cp312-manylinux2014_aarch64.manylinux_2_17_aarch64.manylinux_2_28_aarch64.whl", hash = "sha256:792262b94d5d0a466afb5bc63c7daa9d75520110971ee269152083270998316f"},
    {file = "tomli-2.3.0-cp312-cp312-manylinux2014_x86_64.manylinux_2_17_x86_64.manylinux_2_28_x86_64.whl", hash = "sha256:4f195fe57ecceac95a66a75ac24d9d5fbc98ef0962e09b2eddec5d39375aae52"},
    {file = "tomli-2.3.0-cp312-cp312-musllinux_1_2_aarch64.whl", hash = "sha256:e31d432427dcbf4d86958c184b9bfd1e96b5b71f8eb17e6d02531f434fd335b8"},
    {file = "tomli-2.3.0-cp312-cp312-musllinux_1_2_x86_64.whl", hash = "sha256:7b0882799624980785240ab732537fcfc372601015c00f7fc367c55308c186f6"},
    {file = "tomli-2.3.0-cp312-cp312-win32.whl", hash = "sha256:ff72b71b5d10d22ecb084d345fc26f42b5143c5533db5e2eaba7d2d335358876"},
    {file = "tomli-2.3.0-cp312-cp312-win_amd64.whl", hash = "sha256:1cb4ed918939151a03f33d4242ccd0aa5f11b3547d0cf30f7c74a408a5b99878"},
    {file = "tomli-2.3.0-cp313-cp313-macosx_10_13_x86_64.whl", hash = "sha256:5192f562738228945d7b13d4930baffda67b69425a7f0da96d360b0a3888136b"},
    {file = "tomli-2.3.0-cp313-cp313-macosx_11_0_arm64.whl", hash = "sha256:be71c93a63d738597996be9528f4abe628d1adf5e6eb11607bc8fe1a510b5dae"},
    {file = "tomli-2.3.0-cp313-cp313-manylinux2014_aarch64.manylinux_2_17_aarch64.manylinux_2_28_aarch64.whl", hash = "sha256:c4665508bcbac83a31ff8ab08f424b665200c0e1e645d2bd9ab3d3e557b6185b"},
    {file = "tomli-2.3.0-cp313-cp313-manylinux2014_x86_64.manylinux_2_17_x86_64.manylinux_2_28_x86_64.whl", hash = "sha256:4021923f97266babc6ccab9f5068642a0095faa0a51a246a6a02fccbb3514eaf"},
    {file = "tomli-2.3.0-cp313-cp313-musllinux_1_2_aarch64.whl", hash = "sha256:a4ea38c40145a357d513bffad0ed869f13c1773716cf71ccaa83b0fa0cc4e42f"},
    {file = "tomli-2.3.0-cp313-cp313-musllinux_1_2_x86_64.whl", hash = "sha256:ad805ea85eda330dbad64c7ea7a4556259665bdf9d2672f5dccc740eb9d3ca05"},
    {file = "tomli-2.3.0-cp313-cp313-win32.whl", hash = "sha256:97d5eec30149fd3294270e889b4234023f2c69747e555a27bd708828353ab606"},
    {file = "tomli-2.3.0-cp313-cp313-win_amd64.whl", hash = "sha256:0c95ca56fbe89e065c6ead5b593ee64b84a26fca063b5d71a1122bf26e533999"},
    {file = "tomli-2.3.0-cp314-cp314-macosx_10_13_x86_64.whl", hash = "sha256:cebc6fe843e0733ee827a282aca4999b596241195f43b4cc371d64fc6639da9e"},
    {file = "tomli-2.3.0-cp314-cp314-macosx_11_0_arm64.whl", hash = "sha256:4c2ef0244c75aba9355561272009d934953817c49f47d768070c3c94355c2aa3"},
    {file = "tomli-2.3.0-cp314-cp314-manylinux2014_aarch64.manylinux_2_17_aarch64.manylinux_2_28_aarch64.whl", hash = "sha256:c22a8bf253bacc0cf11f35ad9808b6cb75ada2631c2d97c971122583b129afbc"},
    {file = "tomli-2.3.0-cp314-cp314-manylinux2014_x86_64.manylinux_2_17_x86_64.manylinux_2_28_x86_64.whl", hash = "sha256:0eea8cc5c5e9f89c9b90c4896a8deefc74f518db5927d0e0e8d4a80953d774d0"},
    {file = "tomli-2.3.0-cp314-cp314-musllinux_1_2_aarch64.whl", hash = "sha256:b74a0e59ec5d15127acdabd75ea17726ac4c5178ae51b85bfe39c4f8a278e879"},
    {file = "tomli-2.3.0-cp314-cp314-musllinux_1_2_x86_64.whl", hash = "sha256:b5870b50c9db823c595983571d1296a6ff3e1b88f734a4c8f6fc6188397de005"},
    {file = "tomli-2.3.0-cp314-cp314-win32.whl", hash = "sha256:feb0dacc61170ed7ab602d3d972a58f14ee3ee60494292d384649a3dc38ef463"},
    {file = "tomli-2.3.0-cp314-cp314-win_amd64.whl", hash = "sha256:b273fcbd7fc64dc3600c098e39136522650c49bca95df2d11cf3b626422392c8"},
    {file = "tomli-2.3.0-cp314-cp314t-macosx_10_13_x86_64.whl", hash = "sha256:940d56ee0410fa17ee1f12b817b37a4d4e4dc4d27340863cc67236c74f582e77"},
    {file = "tomli-2.3.0-cp314-cp314t-macosx_11_0_arm64.whl", hash = "sha256:f85209946d1fe94416debbb88d00eb92ce9cd5266775424ff81bc959e001acaf"},
    {file = "tomli-2.3.0-cp314-cp314t-manylinux2014_aarch64.manylinux_2_17_aarch64.manylinux_2_28_aarch64.whl", hash = "sha256:a56212bdcce682e56b0aaf79e869ba5d15a6163f88d5451cbde388d48b13f530"},
    {file = "tomli-2.3.0-cp314-cp314t-manylinux2014_x86_64.manylinux_2_17_x86_64.manylinux_2_28_x86_64.whl", hash = "sha256:c5f3ffd1e098dfc032d4d3af5c0ac64f6d286d98bc148698356847b80fa4de1b"},
    {file = "tomli-2.3.0-cp314-cp314t-musllinux_1_2_aarch64.whl", hash = "sha256:5e01decd096b1530d97d5d85cb4dff4af2d8347bd35686654a004f8dea20fc67"},
    {file = "tomli-2.3.0-cp314-cp314t-musllinux_1_2_x86_64.whl", hash = "sha256:8a35dd0e643bb2610f156cca8db95d213a90015c11fee76c946aa62b7ae7e02f"},
    {file = "tomli-2.3.0-cp314-cp314t-win32.whl", hash = "sha256:a1f7f282fe248311650081faafa5f4732bdbfef5d45fe3f2e702fbc6f2d496e0"},
    {file = "tomli-2.3.0-cp314-cp314t-win_amd64.whl", hash = "sha256:70a251f8d4ba2d9ac2542eecf008b3c8a9fc5c3f9f02c56a9d7952612be2fdba"},
    {file = "tomli-2.3.0-py3-none-any.whl", hash = "sha256:e95b1af3c5b07d9e643909b5abbec77cd9f1217e6d0bca72b0234736b9fb1f1b"},
    {file = "tomli-2.3.0.tar.gz", hash = "sha256:64be704a875d2a59753d80ee8a533c3fe183e3f06807ff7dc2232938ccb01549"},
]

[[package]]
name = "types-python-dateutil"
version = "2.9.0.20251115"
requires_python = ">=3.9"
summary = "Typing stubs for python-dateutil"
groups = ["dev"]
files = [
    {file = "types_python_dateutil-2.9.0.20251115-py3-none-any.whl", hash = "sha256:9cf9c1c582019753b8639a081deefd7e044b9fa36bd8217f565c6c4e36ee0624"},
    {file = "types_python_dateutil-2.9.0.20251115.tar.gz", hash = "sha256:8a47f2c3920f52a994056b8786309b43143faa5a64d4cbb2722d6addabdf1a58"},
]

[[package]]
name = "typing-extensions"
version = "4.15.0"
requires_python = ">=3.9"
summary = "Backported and Experimental Type Hints for Python 3.9+"
groups = ["default", "dev"]
files = [
    {file = "typing_extensions-4.15.0-py3-none-any.whl", hash = "sha256:f0fa19c6845758ab08074a0cfa8b7aecb71c999ca73d62883bc25cc018c4e548"},
    {file = "typing_extensions-4.15.0.tar.gz", hash = "sha256:0cea48d173cc12fa28ecabc3b837ea3cf6f38c6d1136f85cbaaf598984861466"},
]
